
Microsoft Visual Studio Solution File, Format Version 12.00
# Visual Studio Version 17
VisualStudioVersion = 17.6.33723.286
MinimumVisualStudioVersion = 10.0.40219.1
Project("{FAE04EC0-301F-11D3-BF4B-00C04F79EFBC}") = "Leaderboard", "Leaderboard\Leaderboard.csproj", "{8415FA17-4E9A-4177-BE98-764EFDF5BD41}"
EndProject
Global
	GlobalSection(SolutionConfigurationPlatforms) = preSolution
		Debug|Any CPU = Debug|Any CPU
		Release|Any CPU = Release|Any CPU
	EndGlobalSection
	GlobalSection(ProjectConfigurationPlatforms) = postSolution
		{8415FA17-4E9A-4177-BE98-764EFDF5BD41}.Debug|Any CPU.ActiveCfg = Debug|Any CPU
		{8415FA17-4E9A-4177-BE98-764EFDF5BD41}.Debug|Any CPU.Build.0 = Debug|Any CPU
		{8415FA17-4E9A-4177-BE98-764EFDF5BD41}.Release|Any CPU.ActiveCfg = Release|Any CPU
		{8415FA17-4E9A-4177-BE98-764EFDF5BD41}.Release|Any CPU.Build.0 = Release|Any CPU
	EndGlobalSection
	GlobalSection(SolutionProperties) = preSolution
		HideSolutionNode = FALSE
	EndGlobalSection
	GlobalSection(ExtensibilityGlobals) = postSolution
		SolutionGuid = {B837F6E6-D850-4137-B503-9002BB0980F3}
	EndGlobalSection
EndGlobal
